
Microsoft Visual Studio Solution File, Format Version 12.00
# Visual Studio Version 16
VisualStudioVersion = 16.0.31205.134
MinimumVisualStudioVersion = 10.0.40219.1
Project("{FAE04EC0-301F-11D3-BF4B-00C04F79EFBC}") = "NlogImplementation", "NlogImplementation\NlogImplementation.csproj", "{8BFAA416-6BEC-4887-8E10-49B6D4B0BB34}"
EndProject
Global
	GlobalSection(SolutionConfigurationPlatforms) = preSolution
		Debug|Any CPU = Debug|Any CPU
		Release|Any CPU = Release|Any CPU
	EndGlobalSection
	GlobalSection(ProjectConfigurationPlatforms) = postSolution
		{8BFAA416-6BEC-4887-8E10-49B6D4B0BB34}.Debug|Any CPU.ActiveCfg = Debug|Any CPU
		{8BFAA416-6BEC-4887-8E10-49B6D4B0BB34}.Debug|Any CPU.Build.0 = Debug|Any CPU
		{8BFAA416-6BEC-4887-8E10-49B6D4B0BB34}.Release|Any CPU.ActiveCfg = Release|Any CPU
		{8BFAA416-6BEC-4887-8E10-49B6D4B0BB34}.Release|Any CPU.Build.0 = Release|Any CPU
	EndGlobalSection
	GlobalSection(SolutionProperties) = preSolution
		HideSolutionNode = FALSE
	EndGlobalSection
	GlobalSection(ExtensibilityGlobals) = postSolution
		SolutionGuid = {91AE09D4-7AE5-4796-9AC8-3CA7EFE52189}
	EndGlobalSection
EndGlobal
